
Microsoft Visual Studio Solution File, Format Version 12.00
Project("{F2A71F9B-5D33-465A-A702-920D77279786}") = "CollectionFunctions", "CollectionFunctions\CollectionFunctions.fsproj", "{3E800532-07D8-49D8-A98B-8251FCB9B480}"
EndProject
Project("{F2A71F9B-5D33-465A-A702-920D77279786}") = "CollectionFunctions.Common", "CollectionFunctions.Common\CollectionFunctions.Common.fsproj", "{063E2EDC-00D6-4C08-8CF3-3898ED0186BB}"
EndProject
Project("{F2A71F9B-5D33-465A-A702-920D77279786}") = "CollectionFunctionsAe", "CollectionFunctionsAe\CollectionFunctionsAe.fsproj", "{D0B9CA80-4010-4552-9EF5-68676FC2F4B5}"
EndProject
Project("{F2A71F9B-5D33-465A-A702-920D77279786}") = "CollectionFunctionsNa", "CollectionFunctionsNa\CollectionFunctionsNa.fsproj", "{AEDA6CE8-1614-41C9-8A15-D5AD1CD878A6}"
EndProject
Project("{F2A71F9B-5D33-465A-A702-920D77279786}") = "Currying", "Currying\Currying.fsproj", "{1EEDFC2F-7525-4075-AF1B-C0B4D7B88591}"
EndProject
Project("{F2A71F9B-5D33-465A-A702-920D77279786}") = "GenericPoints", "GenericPoints\GenericPoints.fsproj", "{BB72D9B0-EF1E-4F9F-A126-482450C43A46}"
EndProject
Project("{F2A71F9B-5D33-465A-A702-920D77279786}") = "HandlingExceptions", "HandlingExceptions\HandlingExceptions.fsproj", "{33D6C06E-4D55-4C33-AC1F-8D6C6893D53A}"
EndProject
Project("{F2A71F9B-5D33-465A-A702-920D77279786}") = "HelloWorld", "HelloWorld\HelloWorld.fsproj", "{E3C5C469-58C7-4241-B35E-8A03F1553D2D}"
EndProject
Project("{F2A71F9B-5D33-465A-A702-920D77279786}") = "IfThenElse", "IfThenElse\IfThenElse.fsproj", "{F6DACC6C-65E2-4AAA-A8AE-B26842702ADE}"
EndProject
Project("{F2A71F9B-5D33-465A-A702-920D77279786}") = "LoopsIteration", "LoopsIteration\LoopsIteration.fsproj", "{A2BB4B63-809A-45FB-8398-1285DB9E5E68}"
EndProject
Project("{F2A71F9B-5D33-465A-A702-920D77279786}") = "CollectionFunctions2", "CollectionFunctions2\CollectionFunctions2.fsproj", "{4D2CDE59-FA9A-4063-966F-43610B6B7925}"
EndProject
Project("{F2A71F9B-5D33-465A-A702-920D77279786}") = "ArrayCreation", "ArrayCreation\ArrayCreation.fsproj", "{21411344-25E9-4866-AA11-94E21A6E60A3}"
EndProject
Project("{F2A71F9B-5D33-465A-A702-920D77279786}") = "Sequences", "Sequences\Sequences.fsproj", "{D120B40C-BA61-406E-9279-C7C054AD614D}"
EndProject
Project("{F2A71F9B-5D33-465A-A702-920D77279786}") = "Lookups", "Lookups\Lookups.fsproj", "{86D8820D-F53D-4D7A-BF63-A5FAF8AE0479}"
EndProject
Project("{F2A71F9B-5D33-465A-A702-920D77279786}") = "Oop", "Oop\Oop.fsproj", "{BE01DBD0-8602-4EFF-871F-D6250330FA2A}"
EndProject
Project("{F2A71F9B-5D33-465A-A702-920D77279786}") = "Lists", "Lists\Lists.fsproj", "{C1598600-1135-477E-913A-2FA423682B8E}"
EndProject
Global
	GlobalSection(SolutionConfigurationPlatforms) = preSolution
		Debug|Any CPU = Debug|Any CPU
		Release|Any CPU = Release|Any CPU
	EndGlobalSection
	GlobalSection(ProjectConfigurationPlatforms) = postSolution
		{3E800532-07D8-49D8-A98B-8251FCB9B480}.Debug|Any CPU.ActiveCfg = Debug|Any CPU
		{3E800532-07D8-49D8-A98B-8251FCB9B480}.Debug|Any CPU.Build.0 = Debug|Any CPU
		{3E800532-07D8-49D8-A98B-8251FCB9B480}.Release|Any CPU.ActiveCfg = Release|Any CPU
		{3E800532-07D8-49D8-A98B-8251FCB9B480}.Release|Any CPU.Build.0 = Release|Any CPU
		{063E2EDC-00D6-4C08-8CF3-3898ED0186BB}.Debug|Any CPU.ActiveCfg = Debug|Any CPU
		{063E2EDC-00D6-4C08-8CF3-3898ED0186BB}.Debug|Any CPU.Build.0 = Debug|Any CPU
		{063E2EDC-00D6-4C08-8CF3-3898ED0186BB}.Release|Any CPU.ActiveCfg = Release|Any CPU
		{063E2EDC-00D6-4C08-8CF3-3898ED0186BB}.Release|Any CPU.Build.0 = Release|Any CPU
		{D0B9CA80-4010-4552-9EF5-68676FC2F4B5}.Debug|Any CPU.ActiveCfg = Debug|Any CPU
		{D0B9CA80-4010-4552-9EF5-68676FC2F4B5}.Debug|Any CPU.Build.0 = Debug|Any CPU
		{D0B9CA80-4010-4552-9EF5-68676FC2F4B5}.Release|Any CPU.ActiveCfg = Release|Any CPU
		{D0B9CA80-4010-4552-9EF5-68676FC2F4B5}.Release|Any CPU.Build.0 = Release|Any CPU
		{AEDA6CE8-1614-41C9-8A15-D5AD1CD878A6}.Debug|Any CPU.ActiveCfg = Debug|Any CPU
		{AEDA6CE8-1614-41C9-8A15-D5AD1CD878A6}.Debug|Any CPU.Build.0 = Debug|Any CPU
		{AEDA6CE8-1614-41C9-8A15-D5AD1CD878A6}.Release|Any CPU.ActiveCfg = Release|Any CPU
		{AEDA6CE8-1614-41C9-8A15-D5AD1CD878A6}.Release|Any CPU.Build.0 = Release|Any CPU
		{1EEDFC2F-7525-4075-AF1B-C0B4D7B88591}.Debug|Any CPU.ActiveCfg = Debug|Any CPU
		{1EEDFC2F-7525-4075-AF1B-C0B4D7B88591}.Debug|Any CPU.Build.0 = Debug|Any CPU
		{1EEDFC2F-7525-4075-AF1B-C0B4D7B88591}.Release|Any CPU.ActiveCfg = Release|Any CPU
		{1EEDFC2F-7525-4075-AF1B-C0B4D7B88591}.Release|Any CPU.Build.0 = Release|Any CPU
		{BB72D9B0-EF1E-4F9F-A126-482450C43A46}.Debug|Any CPU.ActiveCfg = Debug|Any CPU
		{BB72D9B0-EF1E-4F9F-A126-482450C43A46}.Debug|Any CPU.Build.0 = Debug|Any CPU
		{BB72D9B0-EF1E-4F9F-A126-482450C43A46}.Release|Any CPU.ActiveCfg = Release|Any CPU
		{BB72D9B0-EF1E-4F9F-A126-482450C43A46}.Release|Any CPU.Build.0 = Release|Any CPU
		{33D6C06E-4D55-4C33-AC1F-8D6C6893D53A}.Debug|Any CPU.ActiveCfg = Debug|Any CPU
		{33D6C06E-4D55-4C33-AC1F-8D6C6893D53A}.Debug|Any CPU.Build.0 = Debug|Any CPU
		{33D6C06E-4D55-4C33-AC1F-8D6C6893D53A}.Release|Any CPU.ActiveCfg = Release|Any CPU
		{33D6C06E-4D55-4C33-AC1F-8D6C6893D53A}.Release|Any CPU.Build.0 = Release|Any CPU
		{E3C5C469-58C7-4241-B35E-8A03F1553D2D}.Debug|Any CPU.ActiveCfg = Debug|Any CPU
		{E3C5C469-58C7-4241-B35E-8A03F1553D2D}.Debug|Any CPU.Build.0 = Debug|Any CPU
		{E3C5C469-58C7-4241-B35E-8A03F1553D2D}.Release|Any CPU.ActiveCfg = Release|Any CPU
		{E3C5C469-58C7-4241-B35E-8A03F1553D2D}.Release|Any CPU.Build.0 = Release|Any CPU
		{F6DACC6C-65E2-4AAA-A8AE-B26842702ADE}.Debug|Any CPU.ActiveCfg = Debug|Any CPU
		{F6DACC6C-65E2-4AAA-A8AE-B26842702ADE}.Debug|Any CPU.Build.0 = Debug|Any CPU
		{F6DACC6C-65E2-4AAA-A8AE-B26842702ADE}.Release|Any CPU.ActiveCfg = Release|Any CPU
		{F6DACC6C-65E2-4AAA-A8AE-B26842702ADE}.Release|Any CPU.Build.0 = Release|Any CPU
		{A2BB4B63-809A-45FB-8398-1285DB9E5E68}.Debug|Any CPU.ActiveCfg = Debug|Any CPU
		{A2BB4B63-809A-45FB-8398-1285DB9E5E68}.Debug|Any CPU.Build.0 = Debug|Any CPU
		{A2BB4B63-809A-45FB-8398-1285DB9E5E68}.Release|Any CPU.ActiveCfg = Release|Any CPU
		{A2BB4B63-809A-45FB-8398-1285DB9E5E68}.Release|Any CPU.Build.0 = Release|Any CPU
		{4D2CDE59-FA9A-4063-966F-43610B6B7925}.Debug|Any CPU.ActiveCfg = Debug|Any CPU
		{4D2CDE59-FA9A-4063-966F-43610B6B7925}.Debug|Any CPU.Build.0 = Debug|Any CPU
		{4D2CDE59-FA9A-4063-966F-43610B6B7925}.Release|Any CPU.ActiveCfg = Release|Any CPU
		{4D2CDE59-FA9A-4063-966F-43610B6B7925}.Release|Any CPU.Build.0 = Release|Any CPU
		{21411344-25E9-4866-AA11-94E21A6E60A3}.Debug|Any CPU.ActiveCfg = Debug|Any CPU
		{21411344-25E9-4866-AA11-94E21A6E60A3}.Debug|Any CPU.Build.0 = Debug|Any CPU
		{21411344-25E9-4866-AA11-94E21A6E60A3}.Release|Any CPU.ActiveCfg = Release|Any CPU
		{21411344-25E9-4866-AA11-94E21A6E60A3}.Release|Any CPU.Build.0 = Release|Any CPU
		{D120B40C-BA61-406E-9279-C7C054AD614D}.Debug|Any CPU.ActiveCfg = Debug|Any CPU
		{D120B40C-BA61-406E-9279-C7C054AD614D}.Debug|Any CPU.Build.0 = Debug|Any CPU
		{D120B40C-BA61-406E-9279-C7C054AD614D}.Release|Any CPU.ActiveCfg = Release|Any CPU
		{D120B40C-BA61-406E-9279-C7C054AD614D}.Release|Any CPU.Build.0 = Release|Any CPU
		{86D8820D-F53D-4D7A-BF63-A5FAF8AE0479}.Debug|Any CPU.ActiveCfg = Debug|Any CPU
		{86D8820D-F53D-4D7A-BF63-A5FAF8AE0479}.Debug|Any CPU.Build.0 = Debug|Any CPU
		{86D8820D-F53D-4D7A-BF63-A5FAF8AE0479}.Release|Any CPU.ActiveCfg = Release|Any CPU
		{86D8820D-F53D-4D7A-BF63-A5FAF8AE0479}.Release|Any CPU.Build.0 = Release|Any CPU
		{BE01DBD0-8602-4EFF-871F-D6250330FA2A}.Debug|Any CPU.ActiveCfg = Debug|Any CPU
		{BE01DBD0-8602-4EFF-871F-D6250330FA2A}.Debug|Any CPU.Build.0 = Debug|Any CPU
		{BE01DBD0-8602-4EFF-871F-D6250330FA2A}.Release|Any CPU.ActiveCfg = Release|Any CPU
		{BE01DBD0-8602-4EFF-871F-D6250330FA2A}.Release|Any CPU.Build.0 = Release|Any CPU
		{C1598600-1135-477E-913A-2FA423682B8E}.Debug|Any CPU.ActiveCfg = Debug|Any CPU
		{C1598600-1135-477E-913A-2FA423682B8E}.Debug|Any CPU.Build.0 = Debug|Any CPU
		{C1598600-1135-477E-913A-2FA423682B8E}.Release|Any CPU.ActiveCfg = Release|Any CPU
		{C1598600-1135-477E-913A-2FA423682B8E}.Release|Any CPU.Build.0 = Release|Any CPU
	EndGlobalSection
EndGlobal
